// !$*UTF8*$!
{
	archiveVersion = 1;
	classes = {
	};
	objectVersion = 50;
	objects = {

/* Begin PBXBuildFile section */
		2C303B4625F9D9D500BFF7CC /* AppDelegate.swift in Sources */ = {isa = PBXBuildFile; fileRef = 2C303B4525F9D9D500BFF7CC /* AppDelegate.swift */; };
		2C303B4825F9D9D500BFF7CC /* SceneDelegate.swift in Sources */ = {isa = PBXBuildFile; fileRef = 2C303B4725F9D9D500BFF7CC /* SceneDelegate.swift */; };
		2C303B4A25F9D9D500BFF7CC /* ViewController.swift in Sources */ = {isa = PBXBuildFile; fileRef = 2C303B4925F9D9D500BFF7CC /* ViewController.swift */; };
		2C303B4D25F9D9D500BFF7CC /* Main.storyboard in Resources */ = {isa = PBXBuildFile; fileRef = 2C303B4B25F9D9D500BFF7CC /* Main.storyboard */; };
		2C303B4F25F9D9DB00BFF7CC /* Assets.xcassets in Resources */ = {isa = PBXBuildFile; fileRef = 2C303B4E25F9D9DB00BFF7CC /* Assets.xcassets */; };
		2C303B5225F9D9DB00BFF7CC /* LaunchScreen.storyboard in Resources */ = {isa = PBXBuildFile; fileRef = 2C303B5025F9D9DB00BFF7CC /* LaunchScreen.storyboard */; };
		2C303B6525F9DD0500BFF7CC /* SwarminFramework in Frameworks */ = {isa = PBXBuildFile; fileRef = 2C303B6425F9DD0500BFF7CC /* SwarminFramework */; };
		2C303B6725F9DD1D00BFF7CC /* SwarminFramework in Embed Libraries */ = {isa = PBXBuildFile; fileRef = 2C303B6425F9DD0500BFF7CC /* SwarminFramework */; settings = {ATTRIBUTES = (CodeSignOnCopy, ); }; };
		2C303B6B25F9DE1F00BFF7CC /* SwarminFramework.framework in Frameworks */ = {isa = PBXBuildFile; fileRef = 2C303B6A25F9DE1F00BFF7CC /* SwarminFramework.framework */; };
/* End PBXBuildFile section */

/* Begin PBXCopyFilesBuildPhase section */
		2C303B6825F9DD1E00BFF7CC /* Embed Libraries */ = {
			isa = PBXCopyFilesBuildPhase;
			buildActionMask = 2147483647;
			dstPath = "";
			dstSubfolderSpec = 10;
			files = (
				2C303B6725F9DD1D00BFF7CC /* SwarminFramework in Embed Libraries */,
			);
			name = "Embed Libraries";
			runOnlyForDeploymentPostprocessing = 0;
		};
/* End PBXCopyFilesBuildPhase section */

/* Begin PBXFileReference section */
		2C303B4225F9D9D500BFF7CC /* FWIntegration.app */ = {isa = PBXFileReference; explicitFileType = wrapper.application; includeInIndex = 0; path = FWIntegration.app; sourceTree = BUILT_PRODUCTS_DIR; };
		2C303B4525F9D9D500BFF7CC /* AppDelegate.swift */ = {isa = PBXFileReference; lastKnownFileType = sourcecode.swift; path = AppDelegate.swift; sourceTree = "<group>"; };
		2C303B4725F9D9D500BFF7CC /* SceneDelegate.swift */ = {isa = PBXFileReference; lastKnownFileType = sourcecode.swift; path = SceneDelegate.swift; sourceTree = "<group>"; };
		2C303B4925F9D9D500BFF7CC /* ViewController.swift */ = {isa = PBXFileReference; lastKnownFileType = sourcecode.swift; path = ViewController.swift; sourceTree = "<group>"; };
		2C303B4C25F9D9D500BFF7CC /* Base */ = {isa = PBXFileReference; lastKnownFileType = file.storyboard; name = Base; path = Base.lproj/Main.storyboard; sourceTree = "<group>"; };
		2C303B4E25F9D9DB00BFF7CC /* Assets.xcassets */ = {isa = PBXFileReference; lastKnownFileType = folder.assetcatalog; path = Assets.xcassets; sourceTree = "<group>"; };
		2C303B5125F9D9DB00BFF7CC /* Base */ = {isa = PBXFileReference; lastKnownFileType = file.storyboard; name = Base; path = Base.lproj/LaunchScreen.storyboard; sourceTree = "<group>"; };
		2C303B5325F9D9DB00BFF7CC /* Info.plist */ = {isa = PBXFileReference; lastKnownFileType = text.plist.xml; path = Info.plist; sourceTree = "<group>"; };
		2C303B6425F9DD0500BFF7CC /* SwarminFramework */ = {isa = PBXFileReference; lastKnownFileType = "compiled.mach-o.dylib"; path = SwarminFramework; sourceTree = "<group>"; };
		2C303B6A25F9DE1F00BFF7CC /* SwarminFramework.framework */ = {isa = PBXFileReference; lastKnownFileType = wrapper.framework; path = SwarminFramework.framework; sourceTree = "<group>"; };
/* End PBXFileReference section */

/* Begin PBXFrameworksBuildPhase section */
		2C303B3F25F9D9D500BFF7CC /* Frameworks */ = {
			isa = PBXFrameworksBuildPhase;
			buildActionMask = 2147483647;
			files = (
				2C303B6525F9DD0500BFF7CC /* SwarminFramework in Frameworks */,
				2C303B6B25F9DE1F00BFF7CC /* SwarminFramework.framework in Frameworks */,
			);
			runOnlyForDeploymentPostprocessing = 0;
		};
/* End PBXFrameworksBuildPhase section */

/* Begin PBXGroup section */
		2C303B3925F9D9D500BFF7CC = {
			isa = PBXGroup;
			children = (
				2C303B6A25F9DE1F00BFF7CC /* SwarminFramework.framework */,
				2C303B6425F9DD0500BFF7CC /* SwarminFramework */,
				2C303B4425F9D9D500BFF7CC /* FWIntegration */,
				2C303B4325F9D9D500BFF7CC /* Products */,
			);
			sourceTree = "<group>";
		};
		2C303B4325F9D9D500BFF7CC /* Products */ = {
			isa = PBXGroup;
			children = (
				2C303B4225F9D9D500BFF7CC /* FWIntegration.app */,
			);
			name = Products;
			sourceTree = "<group>";
		};
		2C303B4425F9D9D500BFF7CC /* FWIntegration */ = {
			isa = PBXGroup;
			children = (
				2C303B4525F9D9D500BFF7CC /* AppDelegate.swift */,
				2C303B4725F9D9D500BFF7CC /* SceneDelegate.swift */,
				2C303B4925F9D9D500BFF7CC /* ViewController.swift */,
				2C303B4B25F9D9D500BFF7CC /* Main.storyboard */,
				2C303B4E25F9D9DB00BFF7CC /* Assets.xcassets */,
				2C303B5025F9D9DB00BFF7CC /* LaunchScreen.storyboard */,
				2C303B5325F9D9DB00BFF7CC /* Info.plist */,
			);
			path = FWIntegration;
			sourceTree = "<group>";
		};
/* End PBXGroup section */

/* Begin PBXHeadersBuildPhase section */
		2C303B6125F9DCBD00BFF7CC /* Headers */ = {
			isa = PBXHeadersBuildPhase;
			buildActionMask = 2147483647;
			files = (
			);
			runOnlyForDeploymentPostprocessing = 0;
		};
/* End PBXHeadersBuildPhase section */

/* Begin PBXNativeTarget section */
		2C303B4125F9D9D500BFF7CC /* FWIntegration */ = {
			isa = PBXNativeTarget;
			buildConfigurationList = 2C303B5625F9D9DB00BFF7CC /* Build configuration list for PBXNativeTarget "FWIntegration" */;
			buildPhases = (
				2C303B6125F9DCBD00BFF7CC /* Headers */,
				2C303B3E25F9D9D500BFF7CC /* Sources */,
				2C303B3F25F9D9D500BFF7CC /* Frameworks */,
				2C303B4025F9D9D500BFF7CC /* Resources */,
				2C303B6825F9DD1E00BFF7CC /* Embed Libraries */,
			);
			buildRules = (
			);
			dependencies = (
			);
			name = FWIntegration;
			productName = FWIntegration;
			productReference = 2C303B4225F9D9D500BFF7CC /* FWIntegration.app */;
			productType = "com.apple.product-type.application";
		};
/* End PBXNativeTarget section */

/* Begin PBXProject section */
		2C303B3A25F9D9D500BFF7CC /* Project object */ = {
			isa = PBXProject;
			attributes = {
				LastSwiftUpdateCheck = 1230;
				LastUpgradeCheck = 1230;
				TargetAttributes = {
					2C303B4125F9D9D500BFF7CC = {
						CreatedOnToolsVersion = 12.3;
					};
				};
			};
			buildConfigurationList = 2C303B3D25F9D9D500BFF7CC /* Build configuration list for PBXProject "FWIntegration" */;
			compatibilityVersion = "Xcode 9.3";
			developmentRegion = en;
			hasScannedForEncodings = 0;
			knownRegions = (
				en,
				Base,
			);
			mainGroup = 2C303B3925F9D9D500BFF7CC;
			productRefGroup = 2C303B4325F9D9D500BFF7CC /* Products */;
			projectDirPath = "";
			projectRoot = "";
			targets = (
				2C303B4125F9D9D500BFF7CC /* FWIntegration */,
			);
		};
/* End PBXProject section */

/* Begin PBXResourcesBuildPhase section */
		2C303B4025F9D9D500BFF7CC /* Resources */ = {
			isa = PBXResourcesBuildPhase;
			buildActionMask = 2147483647;
			files = (
				2C303B5225F9D9DB00BFF7CC /* LaunchScreen.storyboard in Resources */,
				2C303B4F25F9D9DB00BFF7CC /* Assets.xcassets in Resources */,
				2C303B4D25F9D9D500BFF7CC /* Main.storyboard in Resources */,
			);
			runOnlyForDeploymentPostprocessing = 0;
		};
/* End PBXResourcesBuildPhase section */

/* Begin PBXSourcesBuildPhase section */
		2C303B3E25F9D9D500BFF7CC /* Sources */ = {
			isa = PBXSourcesBuildPhase;
			buildActionMask = 2147483647;
			files = (
				2C303B4A25F9D9D500BFF7CC /* ViewController.swift in Sources */,
				2C303B4625F9D9D500BFF7CC /* AppDelegate.swift in Sources */,
				2C303B4825F9D9D500BFF7CC /* SceneDelegate.swift in Sources */,
			);
			runOnlyForDeploymentPostprocessing = 0;
		};
/* End PBXSourcesBuildPhase section */

/* Begin PBXVariantGroup section */
		2C303B4B25F9D9D500BFF7CC /* Main.storyboard */ = {
			isa = PBXVariantGroup;
			children = (
				2C303B4C25F9D9D500BFF7CC /* Base */,
			);
			name = Main.storyboard;
			sourceTree = "<group>";
		};
		2C303B5025F9D9DB00BFF7CC /* LaunchScreen.storyboard */ = {
			isa = PBXVariantGroup;
			children = (
				2C303B5125F9D9DB00BFF7CC /* Base */,
			);
			name = LaunchScreen.storyboard;
			sourceTree = "<group>";
		};
/* End PBXVariantGroup section */

/* Begin XCBuildConfiguration section */
		2C303B5425F9D9DB00BFF7CC /* Debug */ = {
			isa = XCBuildConfiguration;
			buildSettings = {
				ALWAYS_SEARCH_USER_PATHS = NO;
				CLANG_ANALYZER_NONNULL = YES;
				CLANG_ANALYZER_NUMBER_OBJECT_CONVERSION = YES_AGGRESSIVE;
				CLANG_CXX_LANGUAGE_STANDARD = "gnu++14";
				CLANG_CXX_LIBRARY = "libc++";
				CLANG_ENABLE_MODULES = YES;
				CLANG_ENABLE_OBJC_ARC = YES;
				CLANG_ENABLE_OBJC_WEAK = YES;
				CLANG_WARN_BLOCK_CAPTURE_AUTORELEASING = YES;
				CLANG_WARN_BOOL_CONVERSION = YES;
				CLANG_WARN_COMMA = YES;
				CLANG_WARN_CONSTANT_CONVERSION = YES;
				CLANG_WARN_DEPRECATED_OBJC_IMPLEMENTATIONS = YES;
				CLANG_WARN_DIRECT_OBJC_ISA_USAGE = YES_ERROR;
				CLANG_WARN_DOCUMENTATION_COMMENTS = YES;
				CLANG_WARN_EMPTY_BODY = YES;
				CLANG_WARN_ENUM_CONVERSION = YES;
				CLANG_WARN_INFINITE_RECURSION = YES;
				CLANG_WARN_INT_CONVERSION = YES;
				CLANG_WARN_NON_LITERAL_NULL_CONVERSION = YES;
				CLANG_WARN_OBJC_IMPLICIT_RETAIN_SELF = YES;
				CLANG_WARN_OBJC_LITERAL_CONVERSION = YES;
				CLANG_WARN_OBJC_ROOT_CLASS = YES_ERROR;
				CLANG_WARN_QUOTED_INCLUDE_IN_FRAMEWORK_HEADER = YES;
				CLANG_WARN_RANGE_LOOP_ANALYSIS = YES;
				CLANG_WARN_STRICT_PROTOTYPES = YES;
				CLANG_WARN_SUSPICIOUS_MOVE = YES;
				CLANG_WARN_UNGUARDED_AVAILABILITY = YES_AGGRESSIVE;
				CLANG_WARN_UNREACHABLE_CODE = YES;
				CLANG_WARN__DUPLICATE_METHOD_MATCH = YES;
				COPY_PHASE_STRIP = NO;
				DEBUG_INFORMATION_FORMAT = dwarf;
				ENABLE_STRICT_OBJC_MSGSEND = YES;
				ENABLE_TESTABILITY = YES;
				GCC_C_LANGUAGE_STANDARD = gnu11;
				GCC_DYNAMIC_NO_PIC = NO;
				GCC_NO_COMMON_BLOCKS = YES;
				GCC_OPTIMIZATION_LEVEL = 0;
				GCC_PREPROCESSOR_DEFINITIONS = (
					"DEBUG=1",
					"$(inherited)",
				);
				GCC_WARN_64_TO_32_BIT_CONVERSION = YES;
				GCC_WARN_ABOUT_RETURN_TYPE = YES_ERROR;
				GCC_WARN_UNDECLARED_SELECTOR = YES;
				GCC_WARN_UNINITIALIZED_AUTOS = YES_AGGRESSIVE;
				GCC_WARN_UNUSED_FUNCTION = YES;
				GCC_WARN_UNUSED_VARIABLE = YES;
				IPHONEOS_DEPLOYMENT_TARGET = 14.3;
				MTL_ENABLE_DEBUG_INFO = INCLUDE_SOURCE;
				MTL_FAST_MATH = YES;
				ONLY_ACTIVE_ARCH = YES;
				SDKROOT = iphoneos;
				SWIFT_ACTIVE_COMPILATION_CONDITIONS = DEBUG;
				SWIFT_OPTIMIZATION_LEVEL = "-Onone";
			};
			name = Debug;
		};
		2C303B5525F9D9DB00BFF7CC /* Release */ = {
			isa = XCBuildConfiguration;
			buildSettings = {
				ALWAYS_SEARCH_USER_PATHS = NO;
				CLANG_ANALYZER_NONNULL = YES;
				CLANG_ANALYZER_NUMBER_OBJECT_CONVERSION = YES_AGGRESSIVE;
				CLANG_CXX_LANGUAGE_STANDARD = "gnu++14";
				CLANG_CXX_LIBRARY = "libc++";
				CLANG_ENABLE_MODULES = YES;
				CLANG_ENABLE_OBJC_ARC = YES;
				CLANG_ENABLE_OBJC_WEAK = YES;
				CLANG_WARN_BLOCK_CAPTURE_AUTORELEASING = YES;
				CLANG_WARN_BOOL_CONVERSION = YES;
				CLANG_WARN_COMMA = YES;
				CLANG_WARN_CONSTANT_CONVERSION = YES;
				CLANG_WARN_DEPRECATED_OBJC_IMPLEMENTATIONS = YES;
				CLANG_WARN_DIRECT_OBJC_ISA_USAGE = YES_ERROR;
				CLANG_WARN_DOCUMENTATION_COMMENTS = YES;
				CLANG_WARN_EMPTY_BODY = YES;
				CLANG_WARN_ENUM_CONVERSION = YES;
				CLANG_WARN_INFINITE_RECURSION = YES;
				CLANG_WARN_INT_CONVERSION = YES;
				CLANG_WARN_NON_LITERAL_NULL_CONVERSION = YES;
				CLANG_WARN_OBJC_IMPLICIT_RETAIN_SELF = YES;
				CLANG_WARN_OBJC_LITERAL_CONVERSION = YES;
				CLANG_WARN_OBJC_ROOT_CLASS = YES_ERROR;
				CLANG_WARN_QUOTED_INCLUDE_IN_FRAMEWORK_HEADER = YES;
				CLANG_WARN_RANGE_LOOP_ANALYSIS = YES;
				CLANG_WARN_STRICT_PROTOTYPES = YES;
				CLANG_WARN_SUSPICIOUS_MOVE = YES;
				CLANG_WARN_UNGUARDED_AVAILABILITY = YES_AGGRESSIVE;
				CLANG_WARN_UNREACHABLE_CODE = YES;
				CLANG_WARN__DUPLICATE_METHOD_MATCH = YES;
				COPY_PHASE_STRIP = NO;
				DEBUG_INFORMATION_FORMAT = "dwarf-with-dsym";
				ENABLE_NS_ASSERTIONS = NO;
				ENABLE_STRICT_OBJC_MSGSEND = YES;
				GCC_C_LANGUAGE_STANDARD = gnu11;
				GCC_NO_COMMON_BLOCKS = YES;
				GCC_WARN_64_TO_32_BIT_CONVERSION = YES;
				GCC_WARN_ABOUT_RETURN_TYPE = YES_ERROR;
				GCC_WARN_UNDECLARED_SELECTOR = YES;
				GCC_WARN_UNINITIALIZED_AUTOS = YES_AGGRESSIVE;
				GCC_WARN_UNUSED_FUNCTION = YES;
				GCC_WARN_UNUSED_VARIABLE = YES;
				IPHONEOS_DEPLOYMENT_TARGET = 14.3;
				MTL_ENABLE_DEBUG_INFO = NO;
				MTL_FAST_MATH = YES;
				SDKROOT = iphoneos;
				SWIFT_COMPILATION_MODE = wholemodule;
				SWIFT_OPTIMIZATION_LEVEL = "-O";
				VALIDATE_PRODUCT = YES;
			};
			name = Release;
		};
		2C303B5725F9D9DB00BFF7CC /* Debug */ = {
			isa = XCBuildConfiguration;
			buildSettings = {
				ASSETCATALOG_COMPILER_APPICON_NAME = AppIcon;
				ASSETCATALOG_COMPILER_GLOBAL_ACCENT_COLOR_NAME = AccentColor;
				CODE_SIGN_STYLE = Automatic;
				DEVELOPMENT_TEAM = D2GN79N658;
				FRAMEWORK_SEARCH_PATHS = (
					"$(inherited)",
					"$(PROJECT_DIR)",
				);
				INFOPLIST_FILE = FWIntegration/Info.plist;
				LD_RUNPATH_SEARCH_PATHS = (
					"$(inherited)",
					"@executable_path/Frameworks",
				);
				LIBRARY_SEARCH_PATHS = (
					"$(inherited)",
					"$(PROJECT_DIR)",
				);
				PRODUCT_BUNDLE_IDENTIFIER = com.swarmin.FWIntegration;
				PRODUCT_NAME = "$(TARGET_NAME)";
				SWIFT_VERSION = 5.0;
				TARGETED_DEVICE_FAMILY = "1,2";
			};
			name = Debug;
		};
		2C303B5825F9D9DB00BFF7CC /* Release */ = {
			isa = XCBuildConfiguration;
			buildSettings = {
				ASSETCATALOG_COMPILER_APPICON_NAME = AppIcon;
				ASSETCATALOG_COMPILER_GLOBAL_ACCENT_COLOR_NAME = AccentColor;
				CODE_SIGN_STYLE = Automatic;
				DEVELOPMENT_TEAM = D2GN79N658;
				FRAMEWORK_SEARCH_PATHS = (
					"$(inherited)",
					"$(PROJECT_DIR)",
				);
				INFOPLIST_FILE = FWIntegration/Info.plist;
				LD_RUNPATH_SEARCH_PATHS = (
					"$(inherited)",
					"@executable_path/Frameworks",
				);
				LIBRARY_SEARCH_PATHS = (
					"$(inherited)",
					"$(PROJECT_DIR)",
				);
				PRODUCT_BUNDLE_IDENTIFIER = com.swarmin.FWIntegration;
				PRODUCT_NAME = "$(TARGET_NAME)";
				SWIFT_VERSION = 5.0;
				TARGETED_DEVICE_FAMILY = "1,2";
			};
			name = Release;
		};
/* End XCBuildConfiguration section */

/* Begin XCConfigurationList section */
		2C303B3D25F9D9D500BFF7CC /* Build configuration list for PBXProject "FWIntegration" */ = {
			isa = XCConfigurationList;
			buildConfigurations = (
				2C303B5425F9D9DB00BFF7CC /* Debug */,
				2C303B5525F9D9DB00BFF7CC /* Release */,
			);
			defaultConfigurationIsVisible = 0;
			defaultConfigurationName = Release;
		};
		2C303B5625F9D9DB00BFF7CC /* Build configuration list for PBXNativeTarget "FWIntegration" */ = {
			isa = XCConfigurationList;
			buildConfigurations = (
				2C303B5725F9D9DB00BFF7CC /* Debug */,
				2C303B5825F9D9DB00BFF7CC /* Release */,
			);
			defaultConfigurationIsVisible = 0;
			defaultConfigurationName = Release;
		};
/* End XCConfigurationList section */
	};
	rootObject = 2C303B3A25F9D9D500BFF7CC /* Project object */;
}
